// !$*UTF8*$!
{
	archiveVersion = 1;
	classes = {
	};
	objectVersion = 51;
	objects = {

/* Begin PBXBuildFile section */
		A9127FB582F2BCC38AB38835 /* Pods_Flix_FlixUITests.framework in Frameworks */ = {isa = PBXBuildFile; fileRef = CB0DD96FBD4162F35DEC36FF /* Pods_Flix_FlixUITests.framework */; };
		C0148B6525E30791004A46BE /* MovieDetailsViewController.swift in Sources */ = {isa = PBXBuildFile; fileRef = C0148B6425E30791004A46BE /* MovieDetailsViewController.swift */; };
		C0148B6A25E313F1004A46BE /* MovieGridViewController.swift in Sources */ = {isa = PBXBuildFile; fileRef = C0148B6925E313F1004A46BE /* MovieGridViewController.swift */; };
		C0148B6F25E31B4C004A46BE /* MovieGridCell.swift in Sources */ = {isa = PBXBuildFile; fileRef = C0148B6E25E31B4C004A46BE /* MovieGridCell.swift */; };
		C05A5E4125D731AE0044EBEE /* MovieCell.swift in Sources */ = {isa = PBXBuildFile; fileRef = C05A5E4025D731AE0044EBEE /* MovieCell.swift */; };
		C067B99A25D5F9D5009C4891 /* AppDelegate.swift in Sources */ = {isa = PBXBuildFile; fileRef = C067B99925D5F9D5009C4891 /* AppDelegate.swift */; };
		C067B99C25D5F9D5009C4891 /* SceneDelegate.swift in Sources */ = {isa = PBXBuildFile; fileRef = C067B99B25D5F9D5009C4891 /* SceneDelegate.swift */; };
		C067B9A125D5F9D5009C4891 /* Main.storyboard in Resources */ = {isa = PBXBuildFile; fileRef = C067B99F25D5F9D5009C4891 /* Main.storyboard */; };
		C067B9A325D5F9D7009C4891 /* Assets.xcassets in Resources */ = {isa = PBXBuildFile; fileRef = C067B9A225D5F9D7009C4891 /* Assets.xcassets */; };
		C067B9A625D5F9D7009C4891 /* LaunchScreen.storyboard in Resources */ = {isa = PBXBuildFile; fileRef = C067B9A425D5F9D7009C4891 /* LaunchScreen.storyboard */; };
		C067B9B125D5F9D7009C4891 /* FlixTests.swift in Sources */ = {isa = PBXBuildFile; fileRef = C067B9B025D5F9D7009C4891 /* FlixTests.swift */; };
		C067B9BC25D5F9D7009C4891 /* FlixUITests.swift in Sources */ = {isa = PBXBuildFile; fileRef = C067B9BB25D5F9D7009C4891 /* FlixUITests.swift */; };
		C067B9D025D610C6009C4891 /* MoviesViewController.swift in Sources */ = {isa = PBXBuildFile; fileRef = C067B9CF25D610C6009C4891 /* MoviesViewController.swift */; };
		D80FCB2051CADB41ABFF100B /* Pods_Flix.framework in Frameworks */ = {isa = PBXBuildFile; fileRef = 66F497D1A480106A7E019AB8 /* Pods_Flix.framework */; };
		E48C0F4367EDC5F5340D26C5 /* Pods_FlixTests.framework in Frameworks */ = {isa = PBXBuildFile; fileRef = 251184D7C62BD6E9E7112709 /* Pods_FlixTests.framework */; };
/* End PBXBuildFile section */

/* Begin PBXContainerItemProxy section */
		C067B9AD25D5F9D7009C4891 /* PBXContainerItemProxy */ = {
			isa = PBXContainerItemProxy;
			containerPortal = C067B98E25D5F9D5009C4891 /* Project object */;
			proxyType = 1;
			remoteGlobalIDString = C067B99525D5F9D5009C4891;
			remoteInfo = Flix;
		};
		C067B9B825D5F9D7009C4891 /* PBXContainerItemProxy */ = {
			isa = PBXContainerItemProxy;
			containerPortal = C067B98E25D5F9D5009C4891 /* Project object */;
			proxyType = 1;
			remoteGlobalIDString = C067B99525D5F9D5009C4891;
			remoteInfo = Flix;
		};
/* End PBXContainerItemProxy section */

/* Begin PBXFileReference section */
		251184D7C62BD6E9E7112709 /* Pods_FlixTests.framework */ = {isa = PBXFileReference; explicitFileType = wrapper.framework; includeInIndex = 0; path = Pods_FlixTests.framework; sourceTree = BUILT_PRODUCTS_DIR; };
		66F497D1A480106A7E019AB8 /* Pods_Flix.framework */ = {isa = PBXFileReference; explicitFileType = wrapper.framework; includeInIndex = 0; path = Pods_Flix.framework; sourceTree = BUILT_PRODUCTS_DIR; };
		78A00E2D564E616A4C930AB0 /* Pods-FlixTests.debug.xcconfig */ = {isa = PBXFileReference; includeInIndex = 1; lastKnownFileType = text.xcconfig; name = "Pods-FlixTests.debug.xcconfig"; path = "Target Support Files/Pods-FlixTests/Pods-FlixTests.debug.xcconfig"; sourceTree = "<group>"; };
		850F195799C60B2E0893864B /* Pods-Flix-FlixUITests.debug.xcconfig */ = {isa = PBXFileReference; includeInIndex = 1; lastKnownFileType = text.xcconfig; name = "Pods-Flix-FlixUITests.debug.xcconfig"; path = "Target Support Files/Pods-Flix-FlixUITests/Pods-Flix-FlixUITests.debug.xcconfig"; sourceTree = "<group>"; };
		95D7F47DC2677453D228D6E0 /* Pods-Flix.debug.xcconfig */ = {isa = PBXFileReference; includeInIndex = 1; lastKnownFileType = text.xcconfig; name = "Pods-Flix.debug.xcconfig"; path = "Target Support Files/Pods-Flix/Pods-Flix.debug.xcconfig"; sourceTree = "<group>"; };
		A813072747523D3F1C059849 /* Pods-FlixTests.release.xcconfig */ = {isa = PBXFileReference; includeInIndex = 1; lastKnownFileType = text.xcconfig; name = "Pods-FlixTests.release.xcconfig"; path = "Target Support Files/Pods-FlixTests/Pods-FlixTests.release.xcconfig"; sourceTree = "<group>"; };
		C0148B6425E30791004A46BE /* MovieDetailsViewController.swift */ = {isa = PBXFileReference; lastKnownFileType = sourcecode.swift; path = MovieDetailsViewController.swift; sourceTree = "<group>"; };
		C0148B6925E313F1004A46BE /* MovieGridViewController.swift */ = {isa = PBXFileReference; lastKnownFileType = sourcecode.swift; path = MovieGridViewController.swift; sourceTree = "<group>"; };
		C0148B6E25E31B4C004A46BE /* MovieGridCell.swift */ = {isa = PBXFileReference; lastKnownFileType = sourcecode.swift; path = MovieGridCell.swift; sourceTree = "<group>"; };
		C05A5E4025D731AE0044EBEE /* MovieCell.swift */ = {isa = PBXFileReference; lastKnownFileType = sourcecode.swift; path = MovieCell.swift; sourceTree = "<group>"; };
		C067B99625D5F9D5009C4891 /* Flix.app */ = {isa = PBXFileReference; explicitFileType = wrapper.application; includeInIndex = 0; path = Flix.app; sourceTree = BUILT_PRODUCTS_DIR; };
		C067B99925D5F9D5009C4891 /* AppDelegate.swift */ = {isa = PBXFileReference; lastKnownFileType = sourcecode.swift; path = AppDelegate.swift; sourceTree = "<group>"; };
		C067B99B25D5F9D5009C4891 /* SceneDelegate.swift */ = {isa = PBXFileReference; lastKnownFileType = sourcecode.swift; path = SceneDelegate.swift; sourceTree = "<group>"; };
		C067B9A025D5F9D5009C4891 /* Base */ = {isa = PBXFileReference; lastKnownFileType = file.storyboard; name = Base; path = Base.lproj/Main.storyboard; sourceTree = "<group>"; };
		C067B9A225D5F9D7009C4891 /* Assets.xcassets */ = {isa = PBXFileReference; lastKnownFileType = folder.assetcatalog; path = Assets.xcassets; sourceTree = "<group>"; };
		C067B9A525D5F9D7009C4891 /* Base */ = {isa = PBXFileReference; lastKnownFileType = file.storyboard; name = Base; path = Base.lproj/LaunchScreen.storyboard; sourceTree = "<group>"; };
		C067B9A725D5F9D7009C4891 /* Info.plist */ = {isa = PBXFileReference; lastKnownFileType = text.plist.xml; path = Info.plist; sourceTree = "<group>"; };
		C067B9AC25D5F9D7009C4891 /* FlixTests.xctest */ = {isa = PBXFileReference; explicitFileType = wrapper.cfbundle; includeInIndex = 0; path = FlixTests.xctest; sourceTree = BUILT_PRODUCTS_DIR; };
		C067B9B025D5F9D7009C4891 /* FlixTests.swift */ = {isa = PBXFileReference; lastKnownFileType = sourcecode.swift; path = FlixTests.swift; sourceTree = "<group>"; };
		C067B9B225D5F9D7009C4891 /* Info.plist */ = {isa = PBXFileReference; lastKnownFileType = text.plist.xml; path = Info.plist; sourceTree = "<group>"; };
		C067B9B725D5F9D7009C4891 /* FlixUITests.xctest */ = {isa = PBXFileReference; explicitFileType = wrapper.cfbundle; includeInIndex = 0; path = FlixUITests.xctest; sourceTree = BUILT_PRODUCTS_DIR; };
		C067B9BB25D5F9D7009C4891 /* FlixUITests.swift */ = {isa = PBXFileReference; lastKnownFileType = sourcecode.swift; path = FlixUITests.swift; sourceTree = "<group>"; };
		C067B9BD25D5F9D7009C4891 /* Info.plist */ = {isa = PBXFileReference; lastKnownFileType = text.plist.xml; path = Info.plist; sourceTree = "<group>"; };
		C067B9CF25D610C6009C4891 /* MoviesViewController.swift */ = {isa = PBXFileReference; lastKnownFileType = sourcecode.swift; path = MoviesViewController.swift; sourceTree = "<group>"; };
		C8DCB555462F345977985B1D /* Pods-Flix.release.xcconfig */ = {isa = PBXFileReference; includeInIndex = 1; lastKnownFileType = text.xcconfig; name = "Pods-Flix.release.xcconfig"; path = "Target Support Files/Pods-Flix/Pods-Flix.release.xcconfig"; sourceTree = "<group>"; };
		CB0DD96FBD4162F35DEC36FF /* Pods_Flix_FlixUITests.framework */ = {isa = PBXFileReference; explicitFileType = wrapper.framework; includeInIndex = 0; path = Pods_Flix_FlixUITests.framework; sourceTree = BUILT_PRODUCTS_DIR; };
		CEC791358AA959610A1E0C1F /* Pods-Flix-FlixUITests.release.xcconfig */ = {isa = PBXFileReference; includeInIndex = 1; lastKnownFileType = text.xcconfig; name = "Pods-Flix-FlixUITests.release.xcconfig"; path = "Target Support Files/Pods-Flix-FlixUITests/Pods-Flix-FlixUITests.release.xcconfig"; sourceTree = "<group>"; };
/* End PBXFileReference section */

/* Begin PBXFrameworksBuildPhase section */
		C067B99325D5F9D5009C4891 /* Frameworks */ = {
			isa = PBXFrameworksBuildPhase;
			buildActionMask = 2147483647;
			files = (
				D80FCB2051CADB41ABFF100B /* Pods_Flix.framework in Frameworks */,
			);
			runOnlyForDeploymentPostprocessing = 0;
		};
		C067B9A925D5F9D7009C4891 /* Frameworks */ = {
			isa = PBXFrameworksBuildPhase;
			buildActionMask = 2147483647;
			files = (
				E48C0F4367EDC5F5340D26C5 /* Pods_FlixTests.framework in Frameworks */,
			);
			runOnlyForDeploymentPostprocessing = 0;
		};
		C067B9B425D5F9D7009C4891 /* Frameworks */ = {
			isa = PBXFrameworksBuildPhase;
			buildActionMask = 2147483647;
			files = (
				A9127FB582F2BCC38AB38835 /* Pods_Flix_FlixUITests.framework in Frameworks */,
			);
			runOnlyForDeploymentPostprocessing = 0;
		};
/* End PBXFrameworksBuildPhase section */

/* Begin PBXGroup section */
		96B6E492880E5332AD252267 /* Pods */ = {
			isa = PBXGroup;
			children = (
				95D7F47DC2677453D228D6E0 /* Pods-Flix.debug.xcconfig */,
				C8DCB555462F345977985B1D /* Pods-Flix.release.xcconfig */,
				850F195799C60B2E0893864B /* Pods-Flix-FlixUITests.debug.xcconfig */,
				CEC791358AA959610A1E0C1F /* Pods-Flix-FlixUITests.release.xcconfig */,
				78A00E2D564E616A4C930AB0 /* Pods-FlixTests.debug.xcconfig */,
				A813072747523D3F1C059849 /* Pods-FlixTests.release.xcconfig */,
			);
			path = Pods;
			sourceTree = "<group>";
		};
		9D81AE2D05BBBE025AB8FC89 /* Frameworks */ = {
			isa = PBXGroup;
			children = (
				66F497D1A480106A7E019AB8 /* Pods_Flix.framework */,
				CB0DD96FBD4162F35DEC36FF /* Pods_Flix_FlixUITests.framework */,
				251184D7C62BD6E9E7112709 /* Pods_FlixTests.framework */,
			);
			name = Frameworks;
			sourceTree = "<group>";
		};
		C067B98D25D5F9D5009C4891 = {
			isa = PBXGroup;
			children = (
				C067B99825D5F9D5009C4891 /* Flix */,
				C067B9AF25D5F9D7009C4891 /* FlixTests */,
				C067B9BA25D5F9D7009C4891 /* FlixUITests */,
				C067B99725D5F9D5009C4891 /* Products */,
				96B6E492880E5332AD252267 /* Pods */,
				9D81AE2D05BBBE025AB8FC89 /* Frameworks */,
			);
			sourceTree = "<group>";
		};
		C067B99725D5F9D5009C4891 /* Products */ = {
			isa = PBXGroup;
			children = (
				C067B99625D5F9D5009C4891 /* Flix.app */,
				C067B9AC25D5F9D7009C4891 /* FlixTests.xctest */,
				C067B9B725D5F9D7009C4891 /* FlixUITests.xctest */,
			);
			name = Products;
			sourceTree = "<group>";
		};
		C067B99825D5F9D5009C4891 /* Flix */ = {
			isa = PBXGroup;
			children = (
				C067B99925D5F9D5009C4891 /* AppDelegate.swift */,
				C067B99B25D5F9D5009C4891 /* SceneDelegate.swift */,
				C067B99F25D5F9D5009C4891 /* Main.storyboard */,
				C067B9A225D5F9D7009C4891 /* Assets.xcassets */,
				C067B9A425D5F9D7009C4891 /* LaunchScreen.storyboard */,
				C067B9A725D5F9D7009C4891 /* Info.plist */,
				C067B9CF25D610C6009C4891 /* MoviesViewController.swift */,
				C05A5E4025D731AE0044EBEE /* MovieCell.swift */,
				C0148B6425E30791004A46BE /* MovieDetailsViewController.swift */,
				C0148B6925E313F1004A46BE /* MovieGridViewController.swift */,
				C0148B6E25E31B4C004A46BE /* MovieGridCell.swift */,
			);
			path = Flix;
			sourceTree = "<group>";
		};
		C067B9AF25D5F9D7009C4891 /* FlixTests */ = {
			isa = PBXGroup;
			children = (
				C067B9B025D5F9D7009C4891 /* FlixTests.swift */,
				C067B9B225D5F9D7009C4891 /* Info.plist */,
			);
			path = FlixTests;
			sourceTree = "<group>";
		};
		C067B9BA25D5F9D7009C4891 /* FlixUITests */ = {
			isa = PBXGroup;
			children = (
				C067B9BB25D5F9D7009C4891 /* FlixUITests.swift */,
				C067B9BD25D5F9D7009C4891 /* Info.plist */,
			);
			path = FlixUITests;
			sourceTree = "<group>";
		};
/* End PBXGroup section */

/* Begin PBXNativeTarget section */
		C067B99525D5F9D5009C4891 /* Flix */ = {
			isa = PBXNativeTarget;
			buildConfigurationList = C067B9C025D5F9D7009C4891 /* Build configuration list for PBXNativeTarget "Flix" */;
			buildPhases = (
				2CDA36AB911A7999DACC89A8 /* [CP] Check Pods Manifest.lock */,
				C067B99225D5F9D5009C4891 /* Sources */,
				C067B99325D5F9D5009C4891 /* Frameworks */,
				C067B99425D5F9D5009C4891 /* Resources */,
				6D05F94E77E66C2D5A048ABF /* [CP] Embed Pods Frameworks */,
			);
			buildRules = (
			);
			dependencies = (
			);
			name = Flix;
			productName = Flix;
			productReference = C067B99625D5F9D5009C4891 /* Flix.app */;
			productType = "com.apple.product-type.application";
		};
		C067B9AB25D5F9D7009C4891 /* FlixTests */ = {
			isa = PBXNativeTarget;
			buildConfigurationList = C067B9C325D5F9D7009C4891 /* Build configuration list for PBXNativeTarget "FlixTests" */;
			buildPhases = (
				686F71419C2256F10FF0014B /* [CP] Check Pods Manifest.lock */,
				C067B9A825D5F9D7009C4891 /* Sources */,
				C067B9A925D5F9D7009C4891 /* Frameworks */,
				C067B9AA25D5F9D7009C4891 /* Resources */,
			);
			buildRules = (
			);
			dependencies = (
				C067B9AE25D5F9D7009C4891 /* PBXTargetDependency */,
			);
			name = FlixTests;
			productName = FlixTests;
			productReference = C067B9AC25D5F9D7009C4891 /* FlixTests.xctest */;
			productType = "com.apple.product-type.bundle.unit-test";
		};
		C067B9B625D5F9D7009C4891 /* FlixUITests */ = {
			isa = PBXNativeTarget;
			buildConfigurationList = C067B9C625D5F9D7009C4891 /* Build configuration list for PBXNativeTarget "FlixUITests" */;
			buildPhases = (
				8D567B23F785C595D329966B /* [CP] Check Pods Manifest.lock */,
				C067B9B325D5F9D7009C4891 /* Sources */,
				C067B9B425D5F9D7009C4891 /* Frameworks */,
				C067B9B525D5F9D7009C4891 /* Resources */,
				4D89BC3329A64756B83E6795 /* [CP] Embed Pods Frameworks */,
			);
			buildRules = (
			);
			dependencies = (
				C067B9B925D5F9D7009C4891 /* PBXTargetDependency */,
			);
			name = FlixUITests;
			productName = FlixUITests;
			productReference = C067B9B725D5F9D7009C4891 /* FlixUITests.xctest */;
			productType = "com.apple.product-type.bundle.ui-testing";
		};
/* End PBXNativeTarget section */

/* Begin PBXProject section */
		C067B98E25D5F9D5009C4891 /* Project object */ = {
			isa = PBXProject;
			attributes = {
				LastSwiftUpdateCheck = 1230;
				LastUpgradeCheck = 1230;
				TargetAttributes = {
					C067B99525D5F9D5009C4891 = {
						CreatedOnToolsVersion = 12.3;
					};
					C067B9AB25D5F9D7009C4891 = {
						CreatedOnToolsVersion = 12.3;
						TestTargetID = C067B99525D5F9D5009C4891;
					};
					C067B9B625D5F9D7009C4891 = {
						CreatedOnToolsVersion = 12.3;
						TestTargetID = C067B99525D5F9D5009C4891;
					};
				};
			};
			buildConfigurationList = C067B99125D5F9D5009C4891 /* Build configuration list for PBXProject "Flix" */;
			compatibilityVersion = "Xcode 9.3";
			developmentRegion = en;
			hasScannedForEncodings = 0;
			knownRegions = (
				en,
				Base,
			);
			mainGroup = C067B98D25D5F9D5009C4891;
			productRefGroup = C067B99725D5F9D5009C4891 /* Products */;
			projectDirPath = "";
			projectRoot = "";
			targets = (
				C067B99525D5F9D5009C4891 /* Flix */,
				C067B9AB25D5F9D7009C4891 /* FlixTests */,
				C067B9B625D5F9D7009C4891 /* FlixUITests */,
			);
		};
/* End PBXProject section */

/* Begin PBXResourcesBuildPhase section */
		C067B99425D5F9D5009C4891 /* Resources */ = {
			isa = PBXResourcesBuildPhase;
			buildActionMask = 2147483647;
			files = (
				C067B9A625D5F9D7009C4891 /* LaunchScreen.storyboard in Resources */,
				C067B9A325D5F9D7009C4891 /* Assets.xcassets in Resources */,
				C067B9A125D5F9D5009C4891 /* Main.storyboard in Resources */,
			);
			runOnlyForDeploymentPostprocessing = 0;
		};
		C067B9AA25D5F9D7009C4891 /* Resources */ = {
			isa = PBXResourcesBuildPhase;
			buildActionMask = 2147483647;
			files = (
			);
			runOnlyForDeploymentPostprocessing = 0;
		};
		C067B9B525D5F9D7009C4891 /* Resources */ = {
			isa = PBXResourcesBuildPhase;
			buildActionMask = 2147483647;
			files = (
			);
			runOnlyForDeploymentPostprocessing = 0;
		};
/* End PBXResourcesBuildPhase section */

/* Begin PBXShellScriptBuildPhase section */
		2CDA36AB911A7999DACC89A8 /* [CP] Check Pods Manifest.lock */ = {
			isa = PBXShellScriptBuildPhase;
			buildActionMask = 2147483647;
			files = (
			);
			inputFileListPaths = (
			);
			inputPaths = (
				"${PODS_PODFILE_DIR_PATH}/Podfile.lock",
				"${PODS_ROOT}/Manifest.lock",
			);
			name = "[CP] Check Pods Manifest.lock";
			outputFileListPaths = (
			);
			outputPaths = (
				"$(DERIVED_FILE_DIR)/Pods-Flix-checkManifestLockResult.txt",
			);
			runOnlyForDeploymentPostprocessing = 0;
			shellPath = /bin/sh;
			shellScript = "diff \"${PODS_PODFILE_DIR_PATH}/Podfile.lock\" \"${PODS_ROOT}/Manifest.lock\" > /dev/null\nif [ $? != 0 ] ; then\n    # print error to STDERR\n    echo \"error: The sandbox is not in sync with the Podfile.lock. Run 'pod install' or update your CocoaPods installation.\" >&2\n    exit 1\nfi\n# This output is used by Xcode 'outputs' to avoid re-running this script phase.\necho \"SUCCESS\" > \"${SCRIPT_OUTPUT_FILE_0}\"\n";
			showEnvVarsInLog = 0;
		};
		4D89BC3329A64756B83E6795 /* [CP] Embed Pods Frameworks */ = {
			isa = PBXShellScriptBuildPhase;
			buildActionMask = 2147483647;
			files = (
			);
			inputFileListPaths = (
				"${PODS_ROOT}/Target Support Files/Pods-Flix-FlixUITests/Pods-Flix-FlixUITests-frameworks-${CONFIGURATION}-input-files.xcfilelist",
			);
			name = "[CP] Embed Pods Frameworks";
			outputFileListPaths = (
				"${PODS_ROOT}/Target Support Files/Pods-Flix-FlixUITests/Pods-Flix-FlixUITests-frameworks-${CONFIGURATION}-output-files.xcfilelist",
			);
			runOnlyForDeploymentPostprocessing = 0;
			shellPath = /bin/sh;
			shellScript = "\"${PODS_ROOT}/Target Support Files/Pods-Flix-FlixUITests/Pods-Flix-FlixUITests-frameworks.sh\"\n";
			showEnvVarsInLog = 0;
		};
		686F71419C2256F10FF0014B /* [CP] Check Pods Manifest.lock */ = {
			isa = PBXShellScriptBuildPhase;
			buildActionMask = 2147483647;
			files = (
			);
			inputFileListPaths = (
			);
			inputPaths = (
				"${PODS_PODFILE_DIR_PATH}/Podfile.lock",
				"${PODS_ROOT}/Manifest.lock",
			);
			name = "[CP] Check Pods Manifest.lock";
			outputFileListPaths = (
			);
			outputPaths = (
				"$(DERIVED_FILE_DIR)/Pods-FlixTests-checkManifestLockResult.txt",
			);
			runOnlyForDeploymentPostprocessing = 0;
			shellPath = /bin/sh;
			shellScript = "diff \"${PODS_PODFILE_DIR_PATH}/Podfile.lock\" \"${PODS_ROOT}/Manifest.lock\" > /dev/null\nif [ $? != 0 ] ; then\n    # print error to STDERR\n    echo \"error: The sandbox is not in sync with the Podfile.lock. Run 'pod install' or update your CocoaPods installation.\" >&2\n    exit 1\nfi\n# This output is used by Xcode 'outputs' to avoid re-running this script phase.\necho \"SUCCESS\" > \"${SCRIPT_OUTPUT_FILE_0}\"\n";
			showEnvVarsInLog = 0;
		};
		6D05F94E77E66C2D5A048ABF /* [CP] Embed Pods Frameworks */ = {
			isa = PBXShellScriptBuildPhase;
			buildActionMask = 2147483647;
			files = (
			);
			inputFileListPaths = (
				"${PODS_ROOT}/Target Support Files/Pods-Flix/Pods-Flix-frameworks-${CONFIGURATION}-input-files.xcfilelist",
			);
			name = "[CP] Embed Pods Frameworks";
			outputFileListPaths = (
				"${PODS_ROOT}/Target Support Files/Pods-Flix/Pods-Flix-frameworks-${CONFIGURATION}-output-files.xcfilelist",
			);
			runOnlyForDeploymentPostprocessing = 0;
			shellPath = /bin/sh;
			shellScript = "\"${PODS_ROOT}/Target Support Files/Pods-Flix/Pods-Flix-frameworks.sh\"\n";
			showEnvVarsInLog = 0;
		};
		8D567B23F785C595D329966B /* [CP] Check Pods Manifest.lock */ = {
			isa = PBXShellScriptBuildPhase;
			buildActionMask = 2147483647;
			files = (
			);
			inputFileListPaths = (
			);
			inputPaths = (
				"${PODS_PODFILE_DIR_PATH}/Podfile.lock",
				"${PODS_ROOT}/Manifest.lock",
			);
			name = "[CP] Check Pods Manifest.lock";
			outputFileListPaths = (
			);
			outputPaths = (
				"$(DERIVED_FILE_DIR)/Pods-Flix-FlixUITests-checkManifestLockResult.txt",
			);
			runOnlyForDeploymentPostprocessing = 0;
			shellPath = /bin/sh;
			shellScript = "diff \"${PODS_PODFILE_DIR_PATH}/Podfile.lock\" \"${PODS_ROOT}/Manifest.lock\" > /dev/null\nif [ $? != 0 ] ; then\n    # print error to STDERR\n    echo \"error: The sandbox is not in sync with the Podfile.lock. Run 'pod install' or update your CocoaPods installation.\" >&2\n    exit 1\nfi\n# This output is used by Xcode 'outputs' to avoid re-running this script phase.\necho \"SUCCESS\" > \"${SCRIPT_OUTPUT_FILE_0}\"\n";
			showEnvVarsInLog = 0;
		};
/* End PBXShellScriptBuildPhase section */

/* Begin PBXSourcesBuildPhase section */
		C067B99225D5F9D5009C4891 /* Sources */ = {
			isa = PBXSourcesBuildPhase;
			buildActionMask = 2147483647;
			files = (
				C0148B6525E30791004A46BE /* MovieDetailsViewController.swift in Sources */,
				C067B99A25D5F9D5009C4891 /* AppDelegate.swift in Sources */,
				C0148B6F25E31B4C004A46BE /* MovieGridCell.swift in Sources */,
				C067B99C25D5F9D5009C4891 /* SceneDelegate.swift in Sources */,
				C05A5E4125D731AE0044EBEE /* MovieCell.swift in Sources */,
				C067B9D025D610C6009C4891 /* MoviesViewController.swift in Sources */,
				C0148B6A25E313F1004A46BE /* MovieGridViewController.swift in Sources */,
			);
			runOnlyForDeploymentPostprocessing = 0;
		};
		C067B9A825D5F9D7009C4891 /* Sources */ = {
			isa = PBXSourcesBuildPhase;
			buildActionMask = 2147483647;
			files = (
				C067B9B125D5F9D7009C4891 /* FlixTests.swift in Sources */,
			);
			runOnlyForDeploymentPostprocessing = 0;
		};
		C067B9B325D5F9D7009C4891 /* Sources */ = {
			isa = PBXSourcesBuildPhase;
			buildActionMask = 2147483647;
			files = (
				C067B9BC25D5F9D7009C4891 /* FlixUITests.swift in Sources */,
			);
			runOnlyForDeploymentPostprocessing = 0;
		};
/* End PBXSourcesBuildPhase section */

/* Begin PBXTargetDependency section */
		C067B9AE25D5F9D7009C4891 /* PBXTargetDependency */ = {
			isa = PBXTargetDependency;
			target = C067B99525D5F9D5009C4891 /* Flix */;
			targetProxy = C067B9AD25D5F9D7009C4891 /* PBXContainerItemProxy */;
		};
		C067B9B925D5F9D7009C4891 /* PBXTargetDependency */ = {
			isa = PBXTargetDependency;
			target = C067B99525D5F9D5009C4891 /* Flix */;
			targetProxy = C067B9B825D5F9D7009C4891 /* PBXContainerItemProxy */;
		};
/* End PBXTargetDependency section */

/* Begin PBXVariantGroup section */
		C067B99F25D5F9D5009C4891 /* Main.storyboard */ = {
			isa = PBXVariantGroup;
			children = (
				C067B9A025D5F9D5009C4891 /* Base */,
			);
			name = Main.storyboard;
			sourceTree = "<group>";
		};
		C067B9A425D5F9D7009C4891 /* LaunchScreen.storyboard */ = {
			isa = PBXVariantGroup;
			children = (
				C067B9A525D5F9D7009C4891 /* Base */,
			);
			name = LaunchScreen.storyboard;
			sourceTree = "<group>";
		};
/* End PBXVariantGroup section */

/* Begin XCBuildConfiguration section */
		C067B9BE25D5F9D7009C4891 /* Debug */ = {
			isa = XCBuildConfiguration;
			buildSettings = {
				ALWAYS_SEARCH_USER_PATHS = NO;
				CLANG_ANALYZER_NONNULL = YES;
				CLANG_ANALYZER_NUMBER_OBJECT_CONVERSION = YES_AGGRESSIVE;
				CLANG_CXX_LANGUAGE_STANDARD = "gnu++14";
				CLANG_CXX_LIBRARY = "libc++";
				CLANG_ENABLE_MODULES = YES;
				CLANG_ENABLE_OBJC_ARC = YES;
				CLANG_ENABLE_OBJC_WEAK = YES;
				CLANG_WARN_BLOCK_CAPTURE_AUTORELEASING = YES;
				CLANG_WARN_BOOL_CONVERSION = YES;
				CLANG_WARN_COMMA = YES;
				CLANG_WARN_CONSTANT_CONVERSION = YES;
				CLANG_WARN_DEPRECATED_OBJC_IMPLEMENTATIONS = YES;
				CLANG_WARN_DIRECT_OBJC_ISA_USAGE = YES_ERROR;
				CLANG_WARN_DOCUMENTATION_COMMENTS = YES;
				CLANG_WARN_EMPTY_BODY = YES;
				CLANG_WARN_ENUM_CONVERSION = YES;
				CLANG_WARN_INFINITE_RECURSION = YES;
				CLANG_WARN_INT_CONVERSION = YES;
				CLANG_WARN_NON_LITERAL_NULL_CONVERSION = YES;
				CLANG_WARN_OBJC_IMPLICIT_RETAIN_SELF = YES;
				CLANG_WARN_OBJC_LITERAL_CONVERSION = YES;
				CLANG_WARN_OBJC_ROOT_CLASS = YES_ERROR;
				CLANG_WARN_QUOTED_INCLUDE_IN_FRAMEWORK_HEADER = YES;
				CLANG_WARN_RANGE_LOOP_ANALYSIS = YES;
				CLANG_WARN_STRICT_PROTOTYPES = YES;
				CLANG_WARN_SUSPICIOUS_MOVE = YES;
				CLANG_WARN_UNGUARDED_AVAILABILITY = YES_AGGRESSIVE;
				CLANG_WARN_UNREACHABLE_CODE = YES;
				CLANG_WARN__DUPLICATE_METHOD_MATCH = YES;
				COPY_PHASE_STRIP = NO;
				DEBUG_INFORMATION_FORMAT = dwarf;
				ENABLE_STRICT_OBJC_MSGSEND = YES;
				ENABLE_TESTABILITY = YES;
				GCC_C_LANGUAGE_STANDARD = gnu11;
				GCC_DYNAMIC_NO_PIC = NO;
				GCC_NO_COMMON_BLOCKS = YES;
				GCC_OPTIMIZATION_LEVEL = 0;
				GCC_PREPROCESSOR_DEFINITIONS = (
					"DEBUG=1",
					"$(inherited)",
				);
				GCC_WARN_64_TO_32_BIT_CONVERSION = YES;
				GCC_WARN_ABOUT_RETURN_TYPE = YES_ERROR;
				GCC_WARN_UNDECLARED_SELECTOR = YES;
				GCC_WARN_UNINITIALIZED_AUTOS = YES_AGGRESSIVE;
				GCC_WARN_UNUSED_FUNCTION = YES;
				GCC_WARN_UNUSED_VARIABLE = YES;
				IPHONEOS_DEPLOYMENT_TARGET = 14.3;
				MTL_ENABLE_DEBUG_INFO = INCLUDE_SOURCE;
				MTL_FAST_MATH = YES;
				ONLY_ACTIVE_ARCH = YES;
				SDKROOT = iphoneos;
				SWIFT_ACTIVE_COMPILATION_CONDITIONS = DEBUG;
				SWIFT_OPTIMIZATION_LEVEL = "-Onone";
			};
			name = Debug;
		};
		C067B9BF25D5F9D7009C4891 /* Release */ = {
			isa = XCBuildConfiguration;
			buildSettings = {
				ALWAYS_SEARCH_USER_PATHS = NO;
				CLANG_ANALYZER_NONNULL = YES;
				CLANG_ANALYZER_NUMBER_OBJECT_CONVERSION = YES_AGGRESSIVE;
				CLANG_CXX_LANGUAGE_STANDARD = "gnu++14";
				CLANG_CXX_LIBRARY = "libc++";
				CLANG_ENABLE_MODULES = YES;
				CLANG_ENABLE_OBJC_ARC = YES;
				CLANG_ENABLE_OBJC_WEAK = YES;
				CLANG_WARN_BLOCK_CAPTURE_AUTORELEASING = YES;
				CLANG_WARN_BOOL_CONVERSION = YES;
				CLANG_WARN_COMMA = YES;
				CLANG_WARN_CONSTANT_CONVERSION = YES;
				CLANG_WARN_DEPRECATED_OBJC_IMPLEMENTATIONS = YES;
				CLANG_WARN_DIRECT_OBJC_ISA_USAGE = YES_ERROR;
				CLANG_WARN_DOCUMENTATION_COMMENTS = YES;
				CLANG_WARN_EMPTY_BODY = YES;
				CLANG_WARN_ENUM_CONVERSION = YES;
				CLANG_WARN_INFINITE_RECURSION = YES;
				CLANG_WARN_INT_CONVERSION = YES;
				CLANG_WARN_NON_LITERAL_NULL_CONVERSION = YES;
				CLANG_WARN_OBJC_IMPLICIT_RETAIN_SELF = YES;
				CLANG_WARN_OBJC_LITERAL_CONVERSION = YES;
				CLANG_WARN_OBJC_ROOT_CLASS = YES_ERROR;
				CLANG_WARN_QUOTED_INCLUDE_IN_FRAMEWORK_HEADER = YES;
				CLANG_WARN_RANGE_LOOP_ANALYSIS = YES;
				CLANG_WARN_STRICT_PROTOTYPES = YES;
				CLANG_WARN_SUSPICIOUS_MOVE = YES;
				CLANG_WARN_UNGUARDED_AVAILABILITY = YES_AGGRESSIVE;
				CLANG_WARN_UNREACHABLE_CODE = YES;
				CLANG_WARN__DUPLICATE_METHOD_MATCH = YES;
				COPY_PHASE_STRIP = NO;
				DEBUG_INFORMATION_FORMAT = "dwarf-with-dsym";
				ENABLE_NS_ASSERTIONS = NO;
				ENABLE_STRICT_OBJC_MSGSEND = YES;
				GCC_C_LANGUAGE_STANDARD = gnu11;
				GCC_NO_COMMON_BLOCKS = YES;
				GCC_WARN_64_TO_32_BIT_CONVERSION = YES;
				GCC_WARN_ABOUT_RETURN_TYPE = YES_ERROR;
				GCC_WARN_UNDECLARED_SELECTOR = YES;
				GCC_WARN_UNINITIALIZED_AUTOS = YES_AGGRESSIVE;
				GCC_WARN_UNUSED_FUNCTION = YES;
				GCC_WARN_UNUSED_VARIABLE = YES;
				IPHONEOS_DEPLOYMENT_TARGET = 14.3;
				MTL_ENABLE_DEBUG_INFO = NO;
				MTL_FAST_MATH = YES;
				SDKROOT = iphoneos;
				SWIFT_COMPILATION_MODE = wholemodule;
				SWIFT_OPTIMIZATION_LEVEL = "-O";
				VALIDATE_PRODUCT = YES;
			};
			name = Release;
		};
		C067B9C125D5F9D7009C4891 /* Debug */ = {
			isa = XCBuildConfiguration;
			baseConfigurationReference = 95D7F47DC2677453D228D6E0 /* Pods-Flix.debug.xcconfig */;
			buildSettings = {
				ASSETCATALOG_COMPILER_APPICON_NAME = AppIcon;
				ASSETCATALOG_COMPILER_GLOBAL_ACCENT_COLOR_NAME = AccentColor;
				CODE_SIGN_STYLE = Automatic;
				INFOPLIST_FILE = Flix/Info.plist;
				LD_RUNPATH_SEARCH_PATHS = (
					"$(inherited)",
					"@executable_path/Frameworks",
				);
				PRODUCT_BUNDLE_IDENTIFIER = "Brian-Calabrese.Flix";
				PRODUCT_NAME = "$(TARGET_NAME)";
				SWIFT_VERSION = 5.0;
				TARGETED_DEVICE_FAMILY = "1,2";
			};
			name = Debug;
		};
		C067B9C225D5F9D7009C4891 /* Release */ = {
			isa = XCBuildConfiguration;
			baseConfigurationReference = C8DCB555462F345977985B1D /* Pods-Flix.release.xcconfig */;
			buildSettings = {
				ASSETCATALOG_COMPILER_APPICON_NAME = AppIcon;
				ASSETCATALOG_COMPILER_GLOBAL_ACCENT_COLOR_NAME = AccentColor;
				CODE_SIGN_STYLE = Automatic;
				INFOPLIST_FILE = Flix/Info.plist;
				LD_RUNPATH_SEARCH_PATHS = (
					"$(inherited)",
					"@executable_path/Frameworks",
				);
				PRODUCT_BUNDLE_IDENTIFIER = "Brian-Calabrese.Flix";
				PRODUCT_NAME = "$(TARGET_NAME)";
				SWIFT_VERSION = 5.0;
				TARGETED_DEVICE_FAMILY = "1,2";
			};
			name = Release;
		};
		C067B9C425D5F9D7009C4891 /* Debug */ = {
			isa = XCBuildConfiguration;
			baseConfigurationReference = 78A00E2D564E616A4C930AB0 /* Pods-FlixTests.debug.xcconfig */;
			buildSettings = {
				ALWAYS_EMBED_SWIFT_STANDARD_LIBRARIES = YES;
				BUNDLE_LOADER = "$(TEST_HOST)";
				CODE_SIGN_STYLE = Automatic;
				INFOPLIST_FILE = FlixTests/Info.plist;
				IPHONEOS_DEPLOYMENT_TARGET = 14.3;
				LD_RUNPATH_SEARCH_PATHS = (
					"$(inherited)",
					"@executable_path/Frameworks",
					"@loader_path/Frameworks",
				);
				PRODUCT_BUNDLE_IDENTIFIER = "Brian-Calabrese.FlixTests";
				PRODUCT_NAME = "$(TARGET_NAME)";
				SWIFT_VERSION = 5.0;
				TARGETED_DEVICE_FAMILY = "1,2";
				TEST_HOST = "$(BUILT_PRODUCTS_DIR)/Flix.app/Flix";
			};
			name = Debug;
		};
		C067B9C525D5F9D7009C4891 /* Release */ = {
			isa = XCBuildConfiguration;
			baseConfigurationReference = A813072747523D3F1C059849 /* Pods-FlixTests.release.xcconfig */;
			buildSettings = {
				ALWAYS_EMBED_SWIFT_STANDARD_LIBRARIES = YES;
				BUNDLE_LOADER = "$(TEST_HOST)";
				CODE_SIGN_STYLE = Automatic;
				INFOPLIST_FILE = FlixTests/Info.plist;
				IPHONEOS_DEPLOYMENT_TARGET = 14.3;
				LD_RUNPATH_SEARCH_PATHS = (
					"$(inherited)",
					"@executable_path/Frameworks",
					"@loader_path/Frameworks",
				);
				PRODUCT_BUNDLE_IDENTIFIER = "Brian-Calabrese.FlixTests";
				PRODUCT_NAME = "$(TARGET_NAME)";
				SWIFT_VERSION = 5.0;
				TARGETED_DEVICE_FAMILY = "1,2";
				TEST_HOST = "$(BUILT_PRODUCTS_DIR)/Flix.app/Flix";
			};
			name = Release;
		};
		C067B9C725D5F9D7009C4891 /* Debug */ = {
			isa = XCBuildConfiguration;
			baseConfigurationReference = 850F195799C60B2E0893864B /* Pods-Flix-FlixUITests.debug.xcconfig */;
			buildSettings = {
				ALWAYS_EMBED_SWIFT_STANDARD_LIBRARIES = YES;
				CODE_SIGN_STYLE = Automatic;
				INFOPLIST_FILE = FlixUITests/Info.plist;
				LD_RUNPATH_SEARCH_PATHS = (
					"$(inherited)",
					"@executable_path/Frameworks",
					"@loader_path/Frameworks",
				);
				PRODUCT_BUNDLE_IDENTIFIER = "Brian-Calabrese.FlixUITests";
				PRODUCT_NAME = "$(TARGET_NAME)";
				SWIFT_VERSION = 5.0;
				TARGETED_DEVICE_FAMILY = "1,2";
				TEST_TARGET_NAME = Flix;
			};
			name = Debug;
		};
		C067B9C825D5F9D7009C4891 /* Release */ = {
			isa = XCBuildConfiguration;
			baseConfigurationReference = CEC791358AA959610A1E0C1F /* Pods-Flix-FlixUITests.release.xcconfig */;
			buildSettings = {
				ALWAYS_EMBED_SWIFT_STANDARD_LIBRARIES = YES;
				CODE_SIGN_STYLE = Automatic;
				INFOPLIST_FILE = FlixUITests/Info.plist;
				LD_RUNPATH_SEARCH_PATHS = (
					"$(inherited)",
					"@executable_path/Frameworks",
					"@loader_path/Frameworks",
				);
				PRODUCT_BUNDLE_IDENTIFIER = "Brian-Calabrese.FlixUITests";
				PRODUCT_NAME = "$(TARGET_NAME)";
				SWIFT_VERSION = 5.0;
				TARGETED_DEVICE_FAMILY = "1,2";
				TEST_TARGET_NAME = Flix;
			};
			name = Release;
		};
/* End XCBuildConfiguration section */

/* Begin XCConfigurationList section */
		C067B99125D5F9D5009C4891 /* Build configuration list for PBXProject "Flix" */ = {
			isa = XCConfigurationList;
			buildConfigurations = (
				C067B9BE25D5F9D7009C4891 /* Debug */,
				C067B9BF25D5F9D7009C4891 /* Release */,
			);
			defaultConfigurationIsVisible = 0;
			defaultConfigurationName = Release;
		};
		C067B9C025D5F9D7009C4891 /* Build configuration list for PBXNativeTarget "Flix" */ = {
			isa = XCConfigurationList;
			buildConfigurations = (
				C067B9C125D5F9D7009C4891 /* Debug */,
				C067B9C225D5F9D7009C4891 /* Release */,
			);
			defaultConfigurationIsVisible = 0;
			defaultConfigurationName = Release;
		};
		C067B9C325D5F9D7009C4891 /* Build configuration list for PBXNativeTarget "FlixTests" */ = {
			isa = XCConfigurationList;
			buildConfigurations = (
				C067B9C425D5F9D7009C4891 /* Debug */,
				C067B9C525D5F9D7009C4891 /* Release */,
			);
			defaultConfigurationIsVisible = 0;
			defaultConfigurationName = Release;
		};
		C067B9C625D5F9D7009C4891 /* Build configuration list for PBXNativeTarget "FlixUITests" */ = {
			isa = XCConfigurationList;
			buildConfigurations = (
				C067B9C725D5F9D7009C4891 /* Debug */,
				C067B9C825D5F9D7009C4891 /* Release */,
			);
			defaultConfigurationIsVisible = 0;
			defaultConfigurationName = Release;
		};
/* End XCConfigurationList section */
	};
	rootObject = C067B98E25D5F9D5009C4891 /* Project object */;
}
